
Microsoft Visual Studio Solution File, Format Version 12.00
# Visual Studio 15
VisualStudioVersion = 15.0.28010.2050
MinimumVisualStudioVersion = 10.0.40219.1
Project("{FAE04EC0-301F-11D3-BF4B-00C04F79EFBC}") = "GenaricRepoWithEF", "GenaricRepoWithEF\GenaricRepoWithEF.csproj", "{859F3EE5-21F9-4181-9802-2EAC053B3B08}"
EndProject
Project("{FAE04EC0-301F-11D3-BF4B-00C04F79EFBC}") = "DataAccessLayer", "DataAccessLayer\DataAccessLayer.csproj", "{182392D1-A316-4247-8C8F-E9957267089B}"
EndProject
Global
	GlobalSection(SolutionConfigurationPlatforms) = preSolution
		Debug|Any CPU = Debug|Any CPU
		Release|Any CPU = Release|Any CPU
	EndGlobalSection
	GlobalSection(ProjectConfigurationPlatforms) = postSolution
		{859F3EE5-21F9-4181-9802-2EAC053B3B08}.Debug|Any CPU.ActiveCfg = Debug|Any CPU
		{859F3EE5-21F9-4181-9802-2EAC053B3B08}.Debug|Any CPU.Build.0 = Debug|Any CPU
		{859F3EE5-21F9-4181-9802-2EAC053B3B08}.Release|Any CPU.ActiveCfg = Release|Any CPU
		{859F3EE5-21F9-4181-9802-2EAC053B3B08}.Release|Any CPU.Build.0 = Release|Any CPU
		{182392D1-A316-4247-8C8F-E9957267089B}.Debug|Any CPU.ActiveCfg = Debug|Any CPU
		{182392D1-A316-4247-8C8F-E9957267089B}.Debug|Any CPU.Build.0 = Debug|Any CPU
		{182392D1-A316-4247-8C8F-E9957267089B}.Release|Any CPU.ActiveCfg = Release|Any CPU
		{182392D1-A316-4247-8C8F-E9957267089B}.Release|Any CPU.Build.0 = Release|Any CPU
	EndGlobalSection
	GlobalSection(SolutionProperties) = preSolution
		HideSolutionNode = FALSE
	EndGlobalSection
	GlobalSection(ExtensibilityGlobals) = postSolution
		SolutionGuid = {3A193B2C-4DA9-48F2-8C58-97E174A291A0}
	EndGlobalSection
EndGlobal
